// !$*UTF8*$!
{
	archiveVersion = 1;
	classes = {
	};
	objectVersion = 50;
	objects = {

/* Begin PBXBuildFile section */
		F31959A1242F88FB0016D2B0 /* AboutViewController.swift in Sources */ = {isa = PBXBuildFile; fileRef = F31959A0242F88FB0016D2B0 /* AboutViewController.swift */; };
		F39A17E4243282FF00C2FA51 /* AuthorInfoViewController.swift in Sources */ = {isa = PBXBuildFile; fileRef = F39A17E3243282FF00C2FA51 /* AuthorInfoViewController.swift */; };
		F3B0D00D243A03E500B16269 /* BullsEye.html in Resources */ = {isa = PBXBuildFile; fileRef = F3B0D00C243A03E500B16269 /* BullsEye.html */; };
		F3B942622461FC8C005F7A90 /* WebKit.framework in Frameworks */ = {isa = PBXBuildFile; fileRef = F3B942612461FC8C005F7A90 /* WebKit.framework */; };
		F3E7A471242CAE4600DBE06A /* AppDelegate.swift in Sources */ = {isa = PBXBuildFile; fileRef = F3E7A470242CAE4600DBE06A /* AppDelegate.swift */; };
		F3E7A473242CAE4600DBE06A /* SceneDelegate.swift in Sources */ = {isa = PBXBuildFile; fileRef = F3E7A472242CAE4600DBE06A /* SceneDelegate.swift */; };
		F3E7A475242CAE4600DBE06A /* ViewController.swift in Sources */ = {isa = PBXBuildFile; fileRef = F3E7A474242CAE4600DBE06A /* ViewController.swift */; };
		F3E7A478242CAE4600DBE06A /* Main.storyboard in Resources */ = {isa = PBXBuildFile; fileRef = F3E7A476242CAE4600DBE06A /* Main.storyboard */; };
		F3E7A47A242CAE4800DBE06A /* Assets.xcassets in Resources */ = {isa = PBXBuildFile; fileRef = F3E7A479242CAE4800DBE06A /* Assets.xcassets */; };
		F3E7A47D242CAE4800DBE06A /* LaunchScreen.storyboard in Resources */ = {isa = PBXBuildFile; fileRef = F3E7A47B242CAE4800DBE06A /* LaunchScreen.storyboard */; };
/* End PBXBuildFile section */

/* Begin PBXFileReference section */
		F31959A0242F88FB0016D2B0 /* AboutViewController.swift */ = {isa = PBXFileReference; lastKnownFileType = sourcecode.swift; path = AboutViewController.swift; sourceTree = "<group>"; };
		F39A17E3243282FF00C2FA51 /* AuthorInfoViewController.swift */ = {isa = PBXFileReference; lastKnownFileType = sourcecode.swift; path = AuthorInfoViewController.swift; sourceTree = "<group>"; };
		F3B0D00C243A03E500B16269 /* BullsEye.html */ = {isa = PBXFileReference; fileEncoding = 4; lastKnownFileType = text.html; name = BullsEye.html; path = "../../../Downloads/5-06-web-views-and-developer-documentation/BullsEye.html"; sourceTree = "<group>"; };
		F3B942612461FC8C005F7A90 /* WebKit.framework */ = {isa = PBXFileReference; lastKnownFileType = wrapper.framework; name = WebKit.framework; path = System/Library/Frameworks/WebKit.framework; sourceTree = SDKROOT; };
		F3E7A46D242CAE4600DBE06A /* Hit Me.app */ = {isa = PBXFileReference; explicitFileType = wrapper.application; includeInIndex = 0; path = "Hit Me.app"; sourceTree = BUILT_PRODUCTS_DIR; };
		F3E7A470242CAE4600DBE06A /* AppDelegate.swift */ = {isa = PBXFileReference; lastKnownFileType = sourcecode.swift; path = AppDelegate.swift; sourceTree = "<group>"; };
		F3E7A472242CAE4600DBE06A /* SceneDelegate.swift */ = {isa = PBXFileReference; lastKnownFileType = sourcecode.swift; path = SceneDelegate.swift; sourceTree = "<group>"; };
		F3E7A474242CAE4600DBE06A /* ViewController.swift */ = {isa = PBXFileReference; lastKnownFileType = sourcecode.swift; path = ViewController.swift; sourceTree = "<group>"; };
		F3E7A477242CAE4600DBE06A /* Base */ = {isa = PBXFileReference; lastKnownFileType = file.storyboard; name = Base; path = Base.lproj/Main.storyboard; sourceTree = "<group>"; };
		F3E7A479242CAE4800DBE06A /* Assets.xcassets */ = {isa = PBXFileReference; lastKnownFileType = folder.assetcatalog; path = Assets.xcassets; sourceTree = "<group>"; };
		F3E7A47C242CAE4800DBE06A /* Base */ = {isa = PBXFileReference; lastKnownFileType = file.storyboard; name = Base; path = Base.lproj/LaunchScreen.storyboard; sourceTree = "<group>"; };
		F3E7A47E242CAE4800DBE06A /* Info.plist */ = {isa = PBXFileReference; lastKnownFileType = text.plist.xml; path = Info.plist; sourceTree = "<group>"; };
/* End PBXFileReference section */

/* Begin PBXFrameworksBuildPhase section */
		F3E7A46A242CAE4600DBE06A /* Frameworks */ = {
			isa = PBXFrameworksBuildPhase;
			buildActionMask = 2147483647;
			files = (
				F3B942622461FC8C005F7A90 /* WebKit.framework in Frameworks */,
			);
			runOnlyForDeploymentPostprocessing = 0;
		};
/* End PBXFrameworksBuildPhase section */

/* Begin PBXGroup section */
		F3B942602461FC8C005F7A90 /* Frameworks */ = {
			isa = PBXGroup;
			children = (
				F3B942612461FC8C005F7A90 /* WebKit.framework */,
			);
			name = Frameworks;
			sourceTree = "<group>";
		};
		F3E7A464242CAE4600DBE06A = {
			isa = PBXGroup;
			children = (
				F3E7A46F242CAE4600DBE06A /* HitMe */,
				F3E7A46E242CAE4600DBE06A /* Products */,
				F3B942602461FC8C005F7A90 /* Frameworks */,
			);
			sourceTree = "<group>";
		};
		F3E7A46E242CAE4600DBE06A /* Products */ = {
			isa = PBXGroup;
			children = (
				F3E7A46D242CAE4600DBE06A /* Hit Me.app */,
			);
			name = Products;
			sourceTree = "<group>";
		};
		F3E7A46F242CAE4600DBE06A /* HitMe */ = {
			isa = PBXGroup;
			children = (
				F3E7A470242CAE4600DBE06A /* AppDelegate.swift */,
				F3E7A472242CAE4600DBE06A /* SceneDelegate.swift */,
				F3E7A474242CAE4600DBE06A /* ViewController.swift */,
				F31959A0242F88FB0016D2B0 /* AboutViewController.swift */,
				F3E7A476242CAE4600DBE06A /* Main.storyboard */,
				F3E7A479242CAE4800DBE06A /* Assets.xcassets */,
				F3E7A47B242CAE4800DBE06A /* LaunchScreen.storyboard */,
				F3E7A47E242CAE4800DBE06A /* Info.plist */,
				F39A17E3243282FF00C2FA51 /* AuthorInfoViewController.swift */,
				F3B0D00C243A03E500B16269 /* BullsEye.html */,
			);
			path = HitMe;
			sourceTree = "<group>";
		};
/* End PBXGroup section */

/* Begin PBXNativeTarget section */
		F3E7A46C242CAE4600DBE06A /* HitMe */ = {
			isa = PBXNativeTarget;
			buildConfigurationList = F3E7A481242CAE4800DBE06A /* Build configuration list for PBXNativeTarget "HitMe" */;
			buildPhases = (
				F3E7A469242CAE4600DBE06A /* Sources */,
				F3E7A46A242CAE4600DBE06A /* Frameworks */,
				F3E7A46B242CAE4600DBE06A /* Resources */,
			);
			buildRules = (
			);
			dependencies = (
			);
			name = HitMe;
			productName = HitMe;
			productReference = F3E7A46D242CAE4600DBE06A /* Hit Me.app */;
			productType = "com.apple.product-type.application";
		};
/* End PBXNativeTarget section */

/* Begin PBXProject section */
		F3E7A465242CAE4600DBE06A /* Project object */ = {
			isa = PBXProject;
			attributes = {
				LastSwiftUpdateCheck = 1130;
				LastUpgradeCheck = 1130;
				ORGANIZATIONNAME = Imtiaz;
				TargetAttributes = {
					F3E7A46C242CAE4600DBE06A = {
						CreatedOnToolsVersion = 11.3.1;
					};
				};
			};
			buildConfigurationList = F3E7A468242CAE4600DBE06A /* Build configuration list for PBXProject "HitMe" */;
			compatibilityVersion = "Xcode 9.3";
			developmentRegion = en;
			hasScannedForEncodings = 0;
			knownRegions = (
				en,
				Base,
			);
			mainGroup = F3E7A464242CAE4600DBE06A;
			productRefGroup = F3E7A46E242CAE4600DBE06A /* Products */;
			projectDirPath = "";
			projectRoot = "";
			targets = (
				F3E7A46C242CAE4600DBE06A /* HitMe */,
			);
		};
/* End PBXProject section */

/* Begin PBXResourcesBuildPhase section */
		F3E7A46B242CAE4600DBE06A /* Resources */ = {
			isa = PBXResourcesBuildPhase;
			buildActionMask = 2147483647;
			files = (
				F3E7A47D242CAE4800DBE06A /* LaunchScreen.storyboard in Resources */,
				F3B0D00D243A03E500B16269 /* BullsEye.html in Resources */,
				F3E7A47A242CAE4800DBE06A /* Assets.xcassets in Resources */,
				F3E7A478242CAE4600DBE06A /* Main.storyboard in Resources */,
			);
			runOnlyForDeploymentPostprocessing = 0;
		};
/* End PBXResourcesBuildPhase section */

/* Begin PBXSourcesBuildPhase section */
		F3E7A469242CAE4600DBE06A /* Sources */ = {
			isa = PBXSourcesBuildPhase;
			buildActionMask = 2147483647;
			files = (
				F39A17E4243282FF00C2FA51 /* AuthorInfoViewController.swift in Sources */,
				F3E7A475242CAE4600DBE06A /* ViewController.swift in Sources */,
				F3E7A471242CAE4600DBE06A /* AppDelegate.swift in Sources */,
				F31959A1242F88FB0016D2B0 /* AboutViewController.swift in Sources */,
				F3E7A473242CAE4600DBE06A /* SceneDelegate.swift in Sources */,
			);
			runOnlyForDeploymentPostprocessing = 0;
		};
/* End PBXSourcesBuildPhase section */

/* Begin PBXVariantGroup section */
		F3E7A476242CAE4600DBE06A /* Main.storyboard */ = {
			isa = PBXVariantGroup;
			children = (
				F3E7A477242CAE4600DBE06A /* Base */,
			);
			name = Main.storyboard;
			sourceTree = "<group>";
		};
		F3E7A47B242CAE4800DBE06A /* LaunchScreen.storyboard */ = {
			isa = PBXVariantGroup;
			children = (
				F3E7A47C242CAE4800DBE06A /* Base */,
			);
			name = LaunchScreen.storyboard;
			sourceTree = "<group>";
		};
/* End PBXVariantGroup section */

/* Begin XCBuildConfiguration section */
		F3E7A47F242CAE4800DBE06A /* Debug */ = {
			isa = XCBuildConfiguration;
			buildSettings = {
				ALWAYS_SEARCH_USER_PATHS = NO;
				CLANG_ANALYZER_NONNULL = YES;
				CLANG_ANALYZER_NUMBER_OBJECT_CONVERSION = YES_AGGRESSIVE;
				CLANG_CXX_LANGUAGE_STANDARD = "gnu++14";
				CLANG_CXX_LIBRARY = "libc++";
				CLANG_ENABLE_MODULES = YES;
				CLANG_ENABLE_OBJC_ARC = YES;
				CLANG_ENABLE_OBJC_WEAK = YES;
				CLANG_WARN_BLOCK_CAPTURE_AUTORELEASING = YES;
				CLANG_WARN_BOOL_CONVERSION = YES;
				CLANG_WARN_COMMA = YES;
				CLANG_WARN_CONSTANT_CONVERSION = YES;
				CLANG_WARN_DEPRECATED_OBJC_IMPLEMENTATIONS = YES;
				CLANG_WARN_DIRECT_OBJC_ISA_USAGE = YES_ERROR;
				CLANG_WARN_DOCUMENTATION_COMMENTS = YES;
				CLANG_WARN_EMPTY_BODY = YES;
				CLANG_WARN_ENUM_CONVERSION = YES;
				CLANG_WARN_INFINITE_RECURSION = YES;
				CLANG_WARN_INT_CONVERSION = YES;
				CLANG_WARN_NON_LITERAL_NULL_CONVERSION = YES;
				CLANG_WARN_OBJC_IMPLICIT_RETAIN_SELF = YES;
				CLANG_WARN_OBJC_LITERAL_CONVERSION = YES;
				CLANG_WARN_OBJC_ROOT_CLASS = YES_ERROR;
				CLANG_WARN_RANGE_LOOP_ANALYSIS = YES;
				CLANG_WARN_STRICT_PROTOTYPES = YES;
				CLANG_WARN_SUSPICIOUS_MOVE = YES;
				CLANG_WARN_UNGUARDED_AVAILABILITY = YES_AGGRESSIVE;
				CLANG_WARN_UNREACHABLE_CODE = YES;
				CLANG_WARN__DUPLICATE_METHOD_MATCH = YES;
				COPY_PHASE_STRIP = NO;
				DEBUG_INFORMATION_FORMAT = dwarf;
				ENABLE_STRICT_OBJC_MSGSEND = YES;
				ENABLE_TESTABILITY = YES;
				GCC_C_LANGUAGE_STANDARD = gnu11;
				GCC_DYNAMIC_NO_PIC = NO;
				GCC_NO_COMMON_BLOCKS = YES;
				GCC_OPTIMIZATION_LEVEL = 0;
				GCC_PREPROCESSOR_DEFINITIONS = (
					"DEBUG=1",
					"$(inherited)",
				);
				GCC_WARN_64_TO_32_BIT_CONVERSION = YES;
				GCC_WARN_ABOUT_RETURN_TYPE = YES_ERROR;
				GCC_WARN_UNDECLARED_SELECTOR = YES;
				GCC_WARN_UNINITIALIZED_AUTOS = YES_AGGRESSIVE;
				GCC_WARN_UNUSED_FUNCTION = YES;
				GCC_WARN_UNUSED_VARIABLE = YES;
				IPHONEOS_DEPLOYMENT_TARGET = 13.2;
				MTL_ENABLE_DEBUG_INFO = INCLUDE_SOURCE;
				MTL_FAST_MATH = YES;
				ONLY_ACTIVE_ARCH = YES;
				SDKROOT = iphoneos;
				SWIFT_ACTIVE_COMPILATION_CONDITIONS = DEBUG;
				SWIFT_OPTIMIZATION_LEVEL = "-Onone";
			};
			name = Debug;
		};
		F3E7A480242CAE4800DBE06A /* Release */ = {
			isa = XCBuildConfiguration;
			buildSettings = {
				ALWAYS_SEARCH_USER_PATHS = NO;
				CLANG_ANALYZER_NONNULL = YES;
				CLANG_ANALYZER_NUMBER_OBJECT_CONVERSION = YES_AGGRESSIVE;
				CLANG_CXX_LANGUAGE_STANDARD = "gnu++14";
				CLANG_CXX_LIBRARY = "libc++";
				CLANG_ENABLE_MODULES = YES;
				CLANG_ENABLE_OBJC_ARC = YES;
				CLANG_ENABLE_OBJC_WEAK = YES;
				CLANG_WARN_BLOCK_CAPTURE_AUTORELEASING = YES;
				CLANG_WARN_BOOL_CONVERSION = YES;
				CLANG_WARN_COMMA = YES;
				CLANG_WARN_CONSTANT_CONVERSION = YES;
				CLANG_WARN_DEPRECATED_OBJC_IMPLEMENTATIONS = YES;
				CLANG_WARN_DIRECT_OBJC_ISA_USAGE = YES_ERROR;
				CLANG_WARN_DOCUMENTATION_COMMENTS = YES;
				CLANG_WARN_EMPTY_BODY = YES;
				CLANG_WARN_ENUM_CONVERSION = YES;
				CLANG_WARN_INFINITE_RECURSION = YES;
				CLANG_WARN_INT_CONVERSION = YES;
				CLANG_WARN_NON_LITERAL_NULL_CONVERSION = YES;
				CLANG_WARN_OBJC_IMPLICIT_RETAIN_SELF = YES;
				CLANG_WARN_OBJC_LITERAL_CONVERSION = YES;
				CLANG_WARN_OBJC_ROOT_CLASS = YES_ERROR;
				CLANG_WARN_RANGE_LOOP_ANALYSIS = YES;
				CLANG_WARN_STRICT_PROTOTYPES = YES;
				CLANG_WARN_SUSPICIOUS_MOVE = YES;
				CLANG_WARN_UNGUARDED_AVAILABILITY = YES_AGGRESSIVE;
				CLANG_WARN_UNREACHABLE_CODE = YES;
				CLANG_WARN__DUPLICATE_METHOD_MATCH = YES;
				COPY_PHASE_STRIP = NO;
				DEBUG_INFORMATION_FORMAT = "dwarf-with-dsym";
				ENABLE_NS_ASSERTIONS = NO;
				ENABLE_STRICT_OBJC_MSGSEND = YES;
				GCC_C_LANGUAGE_STANDARD = gnu11;
				GCC_NO_COMMON_BLOCKS = YES;
				GCC_WARN_64_TO_32_BIT_CONVERSION = YES;
				GCC_WARN_ABOUT_RETURN_TYPE = YES_ERROR;
				GCC_WARN_UNDECLARED_SELECTOR = YES;
				GCC_WARN_UNINITIALIZED_AUTOS = YES_AGGRESSIVE;
				GCC_WARN_UNUSED_FUNCTION = YES;
				GCC_WARN_UNUSED_VARIABLE = YES;
				IPHONEOS_DEPLOYMENT_TARGET = 13.2;
				MTL_ENABLE_DEBUG_INFO = NO;
				MTL_FAST_MATH = YES;
				SDKROOT = iphoneos;
				SWIFT_COMPILATION_MODE = wholemodule;
				SWIFT_OPTIMIZATION_LEVEL = "-O";
				VALIDATE_PRODUCT = YES;
			};
			name = Release;
		};
		F3E7A482242CAE4800DBE06A /* Debug */ = {
			isa = XCBuildConfiguration;
			buildSettings = {
				ASSETCATALOG_COMPILER_APPICON_NAME = AppIcon;
				CODE_SIGN_STYLE = Automatic;
				INFOPLIST_FILE = HitMe/Info.plist;
				LD_RUNPATH_SEARCH_PATHS = (
					"$(inherited)",
					"@executable_path/Frameworks",
				);
				PRODUCT_BUNDLE_IDENTIFIER = com.imtiazcompany.HitMe;
				PRODUCT_NAME = "Hit Me";
				SWIFT_VERSION = 5.0;
				TARGETED_DEVICE_FAMILY = "1,2";
			};
			name = Debug;
		};
		F3E7A483242CAE4800DBE06A /* Release */ = {
			isa = XCBuildConfiguration;
			buildSettings = {
				ASSETCATALOG_COMPILER_APPICON_NAME = AppIcon;
				CODE_SIGN_STYLE = Automatic;
				INFOPLIST_FILE = HitMe/Info.plist;
				LD_RUNPATH_SEARCH_PATHS = (
					"$(inherited)",
					"@executable_path/Frameworks",
				);
				PRODUCT_BUNDLE_IDENTIFIER = com.imtiazcompany.HitMe;
				PRODUCT_NAME = "Hit Me";
				SWIFT_VERSION = 5.0;
				TARGETED_DEVICE_FAMILY = "1,2";
			};
			name = Release;
		};
/* End XCBuildConfiguration section */

/* Begin XCConfigurationList section */
		F3E7A468242CAE4600DBE06A /* Build configuration list for PBXProject "HitMe" */ = {
			isa = XCConfigurationList;
			buildConfigurations = (
				F3E7A47F242CAE4800DBE06A /* Debug */,
				F3E7A480242CAE4800DBE06A /* Release */,
			);
			defaultConfigurationIsVisible = 0;
			defaultConfigurationName = Release;
		};
		F3E7A481242CAE4800DBE06A /* Build configuration list for PBXNativeTarget "HitMe" */ = {
			isa = XCConfigurationList;
			buildConfigurations = (
				F3E7A482242CAE4800DBE06A /* Debug */,
				F3E7A483242CAE4800DBE06A /* Release */,
			);
			defaultConfigurationIsVisible = 0;
			defaultConfigurationName = Release;
		};
/* End XCConfigurationList section */
	};
	rootObject = F3E7A465242CAE4600DBE06A /* Project object */;
}
